
Microsoft Visual Studio Solution File, Format Version 12.00
# Visual Studio 14
VisualStudioVersion = 14.0.23107.0
MinimumVisualStudioVersion = 10.0.40219.1
Project("{FAE04EC0-301F-11D3-BF4B-00C04F79EFBC}") = "Passagens", "Passagens\Passagens.csproj", "{50134509-4B44-44BE-964A-03CB04061BBD}"
EndProject
Project("{FAE04EC0-301F-11D3-BF4B-00C04F79EFBC}") = "Hosting", "Hosting\Hosting.csproj", "{3360E868-6D12-49E3-BCAA-35588EBDE6F2}"
EndProject
Project("{FAE04EC0-301F-11D3-BF4B-00C04F79EFBC}") = "ConsumindoServico", "ConsumindoServico\ConsumindoServico.csproj", "{B037B766-9869-474D-8C5A-34398CBA6910}"
	ProjectSection(ProjectDependencies) = postProject
		{50134509-4B44-44BE-964A-03CB04061BBD} = {50134509-4B44-44BE-964A-03CB04061BBD}
	EndProjectSection
EndProject
Global
	GlobalSection(SolutionConfigurationPlatforms) = preSolution
		Debug|Any CPU = Debug|Any CPU
		Release|Any CPU = Release|Any CPU
	EndGlobalSection
	GlobalSection(ProjectConfigurationPlatforms) = postSolution
		{50134509-4B44-44BE-964A-03CB04061BBD}.Debug|Any CPU.ActiveCfg = Debug|Any CPU
		{50134509-4B44-44BE-964A-03CB04061BBD}.Debug|Any CPU.Build.0 = Debug|Any CPU
		{50134509-4B44-44BE-964A-03CB04061BBD}.Release|Any CPU.ActiveCfg = Release|Any CPU
		{50134509-4B44-44BE-964A-03CB04061BBD}.Release|Any CPU.Build.0 = Release|Any CPU
		{3360E868-6D12-49E3-BCAA-35588EBDE6F2}.Debug|Any CPU.ActiveCfg = Debug|Any CPU
		{3360E868-6D12-49E3-BCAA-35588EBDE6F2}.Debug|Any CPU.Build.0 = Debug|Any CPU
		{3360E868-6D12-49E3-BCAA-35588EBDE6F2}.Release|Any CPU.ActiveCfg = Release|Any CPU
		{3360E868-6D12-49E3-BCAA-35588EBDE6F2}.Release|Any CPU.Build.0 = Release|Any CPU
		{B037B766-9869-474D-8C5A-34398CBA6910}.Debug|Any CPU.ActiveCfg = Debug|Any CPU
		{B037B766-9869-474D-8C5A-34398CBA6910}.Debug|Any CPU.Build.0 = Debug|Any CPU
		{B037B766-9869-474D-8C5A-34398CBA6910}.Release|Any CPU.ActiveCfg = Release|Any CPU
		{B037B766-9869-474D-8C5A-34398CBA6910}.Release|Any CPU.Build.0 = Release|Any CPU
	EndGlobalSection
	GlobalSection(SolutionProperties) = preSolution
		HideSolutionNode = FALSE
	EndGlobalSection
EndGlobal
